
Microsoft Visual Studio Solution File, Format Version 12.00
# Visual Studio Version 16
VisualStudioVersion = 16.0.30204.135
MinimumVisualStudioVersion = 10.0.40219.1
Project("{FAE04EC0-301F-11D3-BF4B-00C04F79EFBC}") = "MVCCore", "MVCCore\MVCCore.csproj", "{7FDD7637-852E-4D19-9E2D-98966AA17847}"
EndProject
Global
	GlobalSection(SolutionConfigurationPlatforms) = preSolution
		Debug|Any CPU = Debug|Any CPU
		Release|Any CPU = Release|Any CPU
	EndGlobalSection
	GlobalSection(ProjectConfigurationPlatforms) = postSolution
		{7FDD7637-852E-4D19-9E2D-98966AA17847}.Debug|Any CPU.ActiveCfg = Debug|Any CPU
		{7FDD7637-852E-4D19-9E2D-98966AA17847}.Debug|Any CPU.Build.0 = Debug|Any CPU
		{7FDD7637-852E-4D19-9E2D-98966AA17847}.Release|Any CPU.ActiveCfg = Release|Any CPU
		{7FDD7637-852E-4D19-9E2D-98966AA17847}.Release|Any CPU.Build.0 = Release|Any CPU
	EndGlobalSection
	GlobalSection(SolutionProperties) = preSolution
		HideSolutionNode = FALSE
	EndGlobalSection
	GlobalSection(ExtensibilityGlobals) = postSolution
		SolutionGuid = {95251272-2ECF-4130-B672-1858A45F4EAA}
	EndGlobalSection
EndGlobal
